
Microsoft Visual Studio Solution File, Format Version 12.00
# Visual Studio Version 17
VisualStudioVersion = 17.8.34525.116
MinimumVisualStudioVersion = 10.0.40219.1
Project("{FAE04EC0-301F-11D3-BF4B-00C04F79EFBC}") = "ProTechTask3", "ProTechTask3\ProTechTask3.csproj", "{C66EE0A4-2FC3-4F38-84A3-28A8A6F691ED}"
EndProject
Global
	GlobalSection(SolutionConfigurationPlatforms) = preSolution
		Debug|Any CPU = Debug|Any CPU
		Release|Any CPU = Release|Any CPU
	EndGlobalSection
	GlobalSection(ProjectConfigurationPlatforms) = postSolution
		{C66EE0A4-2FC3-4F38-84A3-28A8A6F691ED}.Debug|Any CPU.ActiveCfg = Debug|Any CPU
		{C66EE0A4-2FC3-4F38-84A3-28A8A6F691ED}.Debug|Any CPU.Build.0 = Debug|Any CPU
		{C66EE0A4-2FC3-4F38-84A3-28A8A6F691ED}.Release|Any CPU.ActiveCfg = Release|Any CPU
		{C66EE0A4-2FC3-4F38-84A3-28A8A6F691ED}.Release|Any CPU.Build.0 = Release|Any CPU
	EndGlobalSection
	GlobalSection(SolutionProperties) = preSolution
		HideSolutionNode = FALSE
	EndGlobalSection
	GlobalSection(ExtensibilityGlobals) = postSolution
		SolutionGuid = {C06B1BD0-1D8A-41D6-9A4F-94B9062D4808}
	EndGlobalSection
EndGlobal
