
Microsoft Visual Studio Solution File, Format Version 12.00
# Visual Studio Version 17
VisualStudioVersion = 17.8.34525.116
MinimumVisualStudioVersion = 10.0.40219.1
Project("{FAE04EC0-301F-11D3-BF4B-00C04F79EFBC}") = "ProTechTask5", "ProTechTask5\ProTechTask5.csproj", "{AFE5F38F-F1DA-449A-A175-5EC97FAB6D08}"
EndProject
Global
	GlobalSection(SolutionConfigurationPlatforms) = preSolution
		Debug|Any CPU = Debug|Any CPU
		Release|Any CPU = Release|Any CPU
	EndGlobalSection
	GlobalSection(ProjectConfigurationPlatforms) = postSolution
		{AFE5F38F-F1DA-449A-A175-5EC97FAB6D08}.Debug|Any CPU.ActiveCfg = Debug|Any CPU
		{AFE5F38F-F1DA-449A-A175-5EC97FAB6D08}.Debug|Any CPU.Build.0 = Debug|Any CPU
		{AFE5F38F-F1DA-449A-A175-5EC97FAB6D08}.Release|Any CPU.ActiveCfg = Release|Any CPU
		{AFE5F38F-F1DA-449A-A175-5EC97FAB6D08}.Release|Any CPU.Build.0 = Release|Any CPU
	EndGlobalSection
	GlobalSection(SolutionProperties) = preSolution
		HideSolutionNode = FALSE
	EndGlobalSection
	GlobalSection(ExtensibilityGlobals) = postSolution
		SolutionGuid = {53F91907-052A-4F05-BD98-0C4C79D00D9C}
	EndGlobalSection
EndGlobal
